// !$*UTF8*$!
{
	archiveVersion = 1;
	classes = {
	};
	objectVersion = 56;
	objects = {

/* Begin PBXBuildFile section */
		36F53A2E2B55A733004C4B64 /* PracticaRoci_oApp.swift in Sources */ = {isa = PBXBuildFile; fileRef = 36F53A2D2B55A733004C4B64 /* PracticaRoci_oApp.swift */; };
		36F53A302B55A733004C4B64 /* ContentView.swift in Sources */ = {isa = PBXBuildFile; fileRef = 36F53A2F2B55A733004C4B64 /* ContentView.swift */; };
		36F53A322B55A734004C4B64 /* Assets.xcassets in Resources */ = {isa = PBXBuildFile; fileRef = 36F53A312B55A734004C4B64 /* Assets.xcassets */; };
		36F53A352B55A734004C4B64 /* Preview Assets.xcassets in Resources */ = {isa = PBXBuildFile; fileRef = 36F53A342B55A734004C4B64 /* Preview Assets.xcassets */; };
		36F53A3F2B55A734004C4B64 /* PracticaRoci_oTests.swift in Sources */ = {isa = PBXBuildFile; fileRef = 36F53A3E2B55A734004C4B64 /* PracticaRoci_oTests.swift */; };
		36F53A492B55A734004C4B64 /* PracticaRoci_oUITests.swift in Sources */ = {isa = PBXBuildFile; fileRef = 36F53A482B55A734004C4B64 /* PracticaRoci_oUITests.swift */; };
		36F53A4B2B55A734004C4B64 /* PracticaRoci_oUITestsLaunchTests.swift in Sources */ = {isa = PBXBuildFile; fileRef = 36F53A4A2B55A734004C4B64 /* PracticaRoci_oUITestsLaunchTests.swift */; };
		36F53A592B55A7DD004C4B64 /* Hero.swift in Sources */ = {isa = PBXBuildFile; fileRef = 36F53A582B55A7DD004C4B64 /* Hero.swift */; };
		36F53A5B2B55A7E8004C4B64 /* User.swift in Sources */ = {isa = PBXBuildFile; fileRef = 36F53A5A2B55A7E8004C4B64 /* User.swift */; };
		36F53A5D2B55A7F4004C4B64 /* Transformacion.swift in Sources */ = {isa = PBXBuildFile; fileRef = 36F53A5C2B55A7F4004C4B64 /* Transformacion.swift */; };
		36F53A5F2B55A806004C4B64 /* NetWork.swift in Sources */ = {isa = PBXBuildFile; fileRef = 36F53A5E2B55A806004C4B64 /* NetWork.swift */; };
		36F53A652B55A83D004C4B64 /* LoginViewController.swift in Sources */ = {isa = PBXBuildFile; fileRef = 36F53A632B55A83D004C4B64 /* LoginViewController.swift */; };
		36F53A662B55A83D004C4B64 /* LoginViewController.xib in Resources */ = {isa = PBXBuildFile; fileRef = 36F53A642B55A83D004C4B64 /* LoginViewController.xib */; };
		36F53A692B55A867004C4B64 /* HeroesListViewController.swift in Sources */ = {isa = PBXBuildFile; fileRef = 36F53A672B55A867004C4B64 /* HeroesListViewController.swift */; };
		36F53A6A2B55A867004C4B64 /* HeroesListViewController.xib in Resources */ = {isa = PBXBuildFile; fileRef = 36F53A682B55A867004C4B64 /* HeroesListViewController.xib */; };
		36F53A6D2B55A886004C4B64 /* HeroeDetailViewController.swift in Sources */ = {isa = PBXBuildFile; fileRef = 36F53A6B2B55A886004C4B64 /* HeroeDetailViewController.swift */; };
		36F53A6E2B55A886004C4B64 /* HeroeDetailViewController.xib in Resources */ = {isa = PBXBuildFile; fileRef = 36F53A6C2B55A886004C4B64 /* HeroeDetailViewController.xib */; };
		36F53A722B55A8AC004C4B64 /* TransformacionListViewController.swift in Sources */ = {isa = PBXBuildFile; fileRef = 36F53A702B55A8AC004C4B64 /* TransformacionListViewController.swift */; };
		36F53A732B55A8AC004C4B64 /* TransformacionListViewController.xib in Resources */ = {isa = PBXBuildFile; fileRef = 36F53A712B55A8AC004C4B64 /* TransformacionListViewController.xib */; };
		36F53A762B55A8D8004C4B64 /* TransfirmacioDetailViewController.swift in Sources */ = {isa = PBXBuildFile; fileRef = 36F53A742B55A8D8004C4B64 /* TransfirmacioDetailViewController.swift */; };
		36F53A772B55A8D8004C4B64 /* TransfirmacioDetailViewController.xib in Resources */ = {isa = PBXBuildFile; fileRef = 36F53A752B55A8D8004C4B64 /* TransfirmacioDetailViewController.xib */; };
		36F53A792B55C250004C4B64 /* AppDelegate.swift in Sources */ = {isa = PBXBuildFile; fileRef = 36F53A782B55C250004C4B64 /* AppDelegate.swift */; };
		36F53A7B2B55C287004C4B64 /* SceneDelegate.swift in Sources */ = {isa = PBXBuildFile; fileRef = 36F53A7A2B55C287004C4B64 /* SceneDelegate.swift */; };
		36F53A7E2B55C3B0004C4B64 /* HeroesViewController.swift in Sources */ = {isa = PBXBuildFile; fileRef = 36F53A7C2B55C3B0004C4B64 /* HeroesViewController.swift */; };
		36F53A7F2B55C3B0004C4B64 /* HeroesViewController.xib in Resources */ = {isa = PBXBuildFile; fileRef = 36F53A7D2B55C3B0004C4B64 /* HeroesViewController.xib */; };
		36F53A822B55C3D8004C4B64 /* TransformacionViewController.swift in Sources */ = {isa = PBXBuildFile; fileRef = 36F53A802B55C3D8004C4B64 /* TransformacionViewController.swift */; };
		36F53A832B55C3D8004C4B64 /* TransformacionViewController.xib in Resources */ = {isa = PBXBuildFile; fileRef = 36F53A812B55C3D8004C4B64 /* TransformacionViewController.xib */; };
		36F53A852B55C496004C4B64 /* HeroesService.swift in Sources */ = {isa = PBXBuildFile; fileRef = 36F53A842B55C496004C4B64 /* HeroesService.swift */; };
/* End PBXBuildFile section */

/* Begin PBXContainerItemProxy section */
		36F53A3B2B55A734004C4B64 /* PBXContainerItemProxy */ = {
			isa = PBXContainerItemProxy;
			containerPortal = 36F53A222B55A733004C4B64 /* Project object */;
			proxyType = 1;
			remoteGlobalIDString = 36F53A292B55A733004C4B64;
			remoteInfo = "PracticaRocío";
		};
		36F53A452B55A734004C4B64 /* PBXContainerItemProxy */ = {
			isa = PBXContainerItemProxy;
			containerPortal = 36F53A222B55A733004C4B64 /* Project object */;
			proxyType = 1;
			remoteGlobalIDString = 36F53A292B55A733004C4B64;
			remoteInfo = "PracticaRocío";
		};
/* End PBXContainerItemProxy section */

/* Begin PBXFileReference section */
		36F53A2A2B55A733004C4B64 /* PracticaRocío.app */ = {isa = PBXFileReference; explicitFileType = wrapper.application; includeInIndex = 0; path = "PracticaRocío.app"; sourceTree = BUILT_PRODUCTS_DIR; };
		36F53A2D2B55A733004C4B64 /* PracticaRoci_oApp.swift */ = {isa = PBXFileReference; lastKnownFileType = sourcecode.swift; path = PracticaRoci_oApp.swift; sourceTree = "<group>"; };
		36F53A2F2B55A733004C4B64 /* ContentView.swift */ = {isa = PBXFileReference; lastKnownFileType = sourcecode.swift; path = ContentView.swift; sourceTree = "<group>"; };
		36F53A312B55A734004C4B64 /* Assets.xcassets */ = {isa = PBXFileReference; lastKnownFileType = folder.assetcatalog; path = Assets.xcassets; sourceTree = "<group>"; };
		36F53A342B55A734004C4B64 /* Preview Assets.xcassets */ = {isa = PBXFileReference; lastKnownFileType = folder.assetcatalog; path = "Preview Assets.xcassets"; sourceTree = "<group>"; };
		36F53A3A2B55A734004C4B64 /* PracticaRocíoTests.xctest */ = {isa = PBXFileReference; explicitFileType = wrapper.cfbundle; includeInIndex = 0; path = "PracticaRocíoTests.xctest"; sourceTree = BUILT_PRODUCTS_DIR; };
		36F53A3E2B55A734004C4B64 /* PracticaRoci_oTests.swift */ = {isa = PBXFileReference; lastKnownFileType = sourcecode.swift; path = PracticaRoci_oTests.swift; sourceTree = "<group>"; };
		36F53A442B55A734004C4B64 /* PracticaRocíoUITests.xctest */ = {isa = PBXFileReference; explicitFileType = wrapper.cfbundle; includeInIndex = 0; path = "PracticaRocíoUITests.xctest"; sourceTree = BUILT_PRODUCTS_DIR; };
		36F53A482B55A734004C4B64 /* PracticaRoci_oUITests.swift */ = {isa = PBXFileReference; lastKnownFileType = sourcecode.swift; path = PracticaRoci_oUITests.swift; sourceTree = "<group>"; };
		36F53A4A2B55A734004C4B64 /* PracticaRoci_oUITestsLaunchTests.swift */ = {isa = PBXFileReference; lastKnownFileType = sourcecode.swift; path = PracticaRoci_oUITestsLaunchTests.swift; sourceTree = "<group>"; };
		36F53A582B55A7DD004C4B64 /* Hero.swift */ = {isa = PBXFileReference; lastKnownFileType = sourcecode.swift; path = Hero.swift; sourceTree = "<group>"; };
		36F53A5A2B55A7E8004C4B64 /* User.swift */ = {isa = PBXFileReference; lastKnownFileType = sourcecode.swift; path = User.swift; sourceTree = "<group>"; };
		36F53A5C2B55A7F4004C4B64 /* Transformacion.swift */ = {isa = PBXFileReference; lastKnownFileType = sourcecode.swift; path = Transformacion.swift; sourceTree = "<group>"; };
		36F53A5E2B55A806004C4B64 /* NetWork.swift */ = {isa = PBXFileReference; lastKnownFileType = sourcecode.swift; path = NetWork.swift; sourceTree = "<group>"; };
		36F53A632B55A83D004C4B64 /* LoginViewController.swift */ = {isa = PBXFileReference; lastKnownFileType = sourcecode.swift; path = LoginViewController.swift; sourceTree = "<group>"; };
		36F53A642B55A83D004C4B64 /* LoginViewController.xib */ = {isa = PBXFileReference; lastKnownFileType = file.xib; path = LoginViewController.xib; sourceTree = "<group>"; };
		36F53A672B55A867004C4B64 /* HeroesListViewController.swift */ = {isa = PBXFileReference; lastKnownFileType = sourcecode.swift; path = HeroesListViewController.swift; sourceTree = "<group>"; };
		36F53A682B55A867004C4B64 /* HeroesListViewController.xib */ = {isa = PBXFileReference; lastKnownFileType = file.xib; path = HeroesListViewController.xib; sourceTree = "<group>"; };
		36F53A6B2B55A886004C4B64 /* HeroeDetailViewController.swift */ = {isa = PBXFileReference; lastKnownFileType = sourcecode.swift; path = HeroeDetailViewController.swift; sourceTree = "<group>"; };
		36F53A6C2B55A886004C4B64 /* HeroeDetailViewController.xib */ = {isa = PBXFileReference; lastKnownFileType = file.xib; path = HeroeDetailViewController.xib; sourceTree = "<group>"; };
		36F53A702B55A8AC004C4B64 /* TransformacionListViewController.swift */ = {isa = PBXFileReference; lastKnownFileType = sourcecode.swift; path = TransformacionListViewController.swift; sourceTree = "<group>"; };
		36F53A712B55A8AC004C4B64 /* TransformacionListViewController.xib */ = {isa = PBXFileReference; lastKnownFileType = file.xib; path = TransformacionListViewController.xib; sourceTree = "<group>"; };
		36F53A742B55A8D8004C4B64 /* TransfirmacioDetailViewController.swift */ = {isa = PBXFileReference; lastKnownFileType = sourcecode.swift; path = TransfirmacioDetailViewController.swift; sourceTree = "<group>"; };
		36F53A752B55A8D8004C4B64 /* TransfirmacioDetailViewController.xib */ = {isa = PBXFileReference; lastKnownFileType = file.xib; path = TransfirmacioDetailViewController.xib; sourceTree = "<group>"; };
		36F53A782B55C250004C4B64 /* AppDelegate.swift */ = {isa = PBXFileReference; lastKnownFileType = sourcecode.swift; path = AppDelegate.swift; sourceTree = "<group>"; };
		36F53A7A2B55C287004C4B64 /* SceneDelegate.swift */ = {isa = PBXFileReference; lastKnownFileType = sourcecode.swift; path = SceneDelegate.swift; sourceTree = "<group>"; };
		36F53A7C2B55C3B0004C4B64 /* HeroesViewController.swift */ = {isa = PBXFileReference; lastKnownFileType = sourcecode.swift; path = HeroesViewController.swift; sourceTree = "<group>"; };
		36F53A7D2B55C3B0004C4B64 /* HeroesViewController.xib */ = {isa = PBXFileReference; lastKnownFileType = file.xib; path = HeroesViewController.xib; sourceTree = "<group>"; };
		36F53A802B55C3D8004C4B64 /* TransformacionViewController.swift */ = {isa = PBXFileReference; lastKnownFileType = sourcecode.swift; path = TransformacionViewController.swift; sourceTree = "<group>"; };
		36F53A812B55C3D8004C4B64 /* TransformacionViewController.xib */ = {isa = PBXFileReference; lastKnownFileType = file.xib; path = TransformacionViewController.xib; sourceTree = "<group>"; };
		36F53A842B55C496004C4B64 /* HeroesService.swift */ = {isa = PBXFileReference; lastKnownFileType = sourcecode.swift; path = HeroesService.swift; sourceTree = "<group>"; };
/* End PBXFileReference section */

/* Begin PBXFrameworksBuildPhase section */
		36F53A272B55A733004C4B64 /* Frameworks */ = {
			isa = PBXFrameworksBuildPhase;
			buildActionMask = 2147483647;
			files = (
			);
			runOnlyForDeploymentPostprocessing = 0;
		};
		36F53A372B55A734004C4B64 /* Frameworks */ = {
			isa = PBXFrameworksBuildPhase;
			buildActionMask = 2147483647;
			files = (
			);
			runOnlyForDeploymentPostprocessing = 0;
		};
		36F53A412B55A734004C4B64 /* Frameworks */ = {
			isa = PBXFrameworksBuildPhase;
			buildActionMask = 2147483647;
			files = (
			);
			runOnlyForDeploymentPostprocessing = 0;
		};
/* End PBXFrameworksBuildPhase section */

/* Begin PBXGroup section */
		36F53A212B55A733004C4B64 = {
			isa = PBXGroup;
			children = (
				36F53A2C2B55A733004C4B64 /* PracticaRocío */,
				36F53A3D2B55A734004C4B64 /* PracticaRocíoTests */,
				36F53A472B55A734004C4B64 /* PracticaRocíoUITests */,
				36F53A2B2B55A733004C4B64 /* Products */,
			);
			sourceTree = "<group>";
		};
		36F53A2B2B55A733004C4B64 /* Products */ = {
			isa = PBXGroup;
			children = (
				36F53A2A2B55A733004C4B64 /* PracticaRocío.app */,
				36F53A3A2B55A734004C4B64 /* PracticaRocíoTests.xctest */,
				36F53A442B55A734004C4B64 /* PracticaRocíoUITests.xctest */,
			);
			name = Products;
			sourceTree = "<group>";
		};
		36F53A2C2B55A733004C4B64 /* PracticaRocío */ = {
			isa = PBXGroup;
			children = (
				36F53A622B55A820004C4B64 /* View */,
				36F53A612B55A819004C4B64 /* Controller */,
				36F53A602B55A809004C4B64 /* NetWork */,
				36F53A572B55A7AF004C4B64 /* Model */,
				36F53A2D2B55A733004C4B64 /* PracticaRoci_oApp.swift */,
				36F53A2F2B55A733004C4B64 /* ContentView.swift */,
				36F53A312B55A734004C4B64 /* Assets.xcassets */,
				36F53A332B55A734004C4B64 /* Preview Content */,
				36F53A782B55C250004C4B64 /* AppDelegate.swift */,
				36F53A7A2B55C287004C4B64 /* SceneDelegate.swift */,
				36F53A7C2B55C3B0004C4B64 /* HeroesViewController.swift */,
				36F53A7D2B55C3B0004C4B64 /* HeroesViewController.xib */,
				36F53A802B55C3D8004C4B64 /* TransformacionViewController.swift */,
				36F53A812B55C3D8004C4B64 /* TransformacionViewController.xib */,
				36F53A842B55C496004C4B64 /* HeroesService.swift */,
			);
			path = "PracticaRocío";
			sourceTree = "<group>";
		};
		36F53A332B55A734004C4B64 /* Preview Content */ = {
			isa = PBXGroup;
			children = (
				36F53A342B55A734004C4B64 /* Preview Assets.xcassets */,
			);
			path = "Preview Content";
			sourceTree = "<group>";
		};
		36F53A3D2B55A734004C4B64 /* PracticaRocíoTests */ = {
			isa = PBXGroup;
			children = (
				36F53A3E2B55A734004C4B64 /* PracticaRoci_oTests.swift */,
			);
			path = "PracticaRocíoTests";
			sourceTree = "<group>";
		};
		36F53A472B55A734004C4B64 /* PracticaRocíoUITests */ = {
			isa = PBXGroup;
			children = (
				36F53A482B55A734004C4B64 /* PracticaRoci_oUITests.swift */,
				36F53A4A2B55A734004C4B64 /* PracticaRoci_oUITestsLaunchTests.swift */,
			);
			path = "PracticaRocíoUITests";
			sourceTree = "<group>";
		};
		36F53A572B55A7AF004C4B64 /* Model */ = {
			isa = PBXGroup;
			children = (
				36F53A582B55A7DD004C4B64 /* Hero.swift */,
				36F53A5A2B55A7E8004C4B64 /* User.swift */,
				36F53A5C2B55A7F4004C4B64 /* Transformacion.swift */,
			);
			path = Model;
			sourceTree = "<group>";
		};
		36F53A602B55A809004C4B64 /* NetWork */ = {
			isa = PBXGroup;
			children = (
				36F53A5E2B55A806004C4B64 /* NetWork.swift */,
			);
			path = NetWork;
			sourceTree = "<group>";
		};
		36F53A612B55A819004C4B64 /* Controller */ = {
			isa = PBXGroup;
			children = (
				36F53A632B55A83D004C4B64 /* LoginViewController.swift */,
				36F53A672B55A867004C4B64 /* HeroesListViewController.swift */,
				36F53A6B2B55A886004C4B64 /* HeroeDetailViewController.swift */,
				36F53A702B55A8AC004C4B64 /* TransformacionListViewController.swift */,
				36F53A742B55A8D8004C4B64 /* TransfirmacioDetailViewController.swift */,
			);
			path = Controller;
			sourceTree = "<group>";
		};
		36F53A622B55A820004C4B64 /* View */ = {
			isa = PBXGroup;
			children = (
				36F53A6C2B55A886004C4B64 /* HeroeDetailViewController.xib */,
				36F53A682B55A867004C4B64 /* HeroesListViewController.xib */,
				36F53A642B55A83D004C4B64 /* LoginViewController.xib */,
				36F53A712B55A8AC004C4B64 /* TransformacionListViewController.xib */,
				36F53A752B55A8D8004C4B64 /* TransfirmacioDetailViewController.xib */,
			);
			path = View;
			sourceTree = "<group>";
		};
/* End PBXGroup section */

/* Begin PBXNativeTarget section */
		36F53A292B55A733004C4B64 /* PracticaRocío */ = {
			isa = PBXNativeTarget;
			buildConfigurationList = 36F53A4E2B55A734004C4B64 /* Build configuration list for PBXNativeTarget "PracticaRocío" */;
			buildPhases = (
				36F53A262B55A733004C4B64 /* Sources */,
				36F53A272B55A733004C4B64 /* Frameworks */,
				36F53A282B55A733004C4B64 /* Resources */,
			);
			buildRules = (
			);
			dependencies = (
			);
			name = "PracticaRocío";
			productName = "PracticaRocío";
			productReference = 36F53A2A2B55A733004C4B64 /* PracticaRocío.app */;
			productType = "com.apple.product-type.application";
		};
		36F53A392B55A734004C4B64 /* PracticaRocíoTests */ = {
			isa = PBXNativeTarget;
			buildConfigurationList = 36F53A512B55A734004C4B64 /* Build configuration list for PBXNativeTarget "PracticaRocíoTests" */;
			buildPhases = (
				36F53A362B55A734004C4B64 /* Sources */,
				36F53A372B55A734004C4B64 /* Frameworks */,
				36F53A382B55A734004C4B64 /* Resources */,
			);
			buildRules = (
			);
			dependencies = (
				36F53A3C2B55A734004C4B64 /* PBXTargetDependency */,
			);
			name = "PracticaRocíoTests";
			productName = "PracticaRocíoTests";
			productReference = 36F53A3A2B55A734004C4B64 /* PracticaRocíoTests.xctest */;
			productType = "com.apple.product-type.bundle.unit-test";
		};
		36F53A432B55A734004C4B64 /* PracticaRocíoUITests */ = {
			isa = PBXNativeTarget;
			buildConfigurationList = 36F53A542B55A734004C4B64 /* Build configuration list for PBXNativeTarget "PracticaRocíoUITests" */;
			buildPhases = (
				36F53A402B55A734004C4B64 /* Sources */,
				36F53A412B55A734004C4B64 /* Frameworks */,
				36F53A422B55A734004C4B64 /* Resources */,
			);
			buildRules = (
			);
			dependencies = (
				36F53A462B55A734004C4B64 /* PBXTargetDependency */,
			);
			name = "PracticaRocíoUITests";
			productName = "PracticaRocíoUITests";
			productReference = 36F53A442B55A734004C4B64 /* PracticaRocíoUITests.xctest */;
			productType = "com.apple.product-type.bundle.ui-testing";
		};
/* End PBXNativeTarget section */

/* Begin PBXProject section */
		36F53A222B55A733004C4B64 /* Project object */ = {
			isa = PBXProject;
			attributes = {
				BuildIndependentTargetsInParallel = 1;
				LastSwiftUpdateCheck = 1520;
				LastUpgradeCheck = 1520;
				TargetAttributes = {
					36F53A292B55A733004C4B64 = {
						CreatedOnToolsVersion = 15.2;
					};
					36F53A392B55A734004C4B64 = {
						CreatedOnToolsVersion = 15.2;
						TestTargetID = 36F53A292B55A733004C4B64;
					};
					36F53A432B55A734004C4B64 = {
						CreatedOnToolsVersion = 15.2;
						TestTargetID = 36F53A292B55A733004C4B64;
					};
				};
			};
			buildConfigurationList = 36F53A252B55A733004C4B64 /* Build configuration list for PBXProject "PracticaRocío" */;
			compatibilityVersion = "Xcode 14.0";
			developmentRegion = en;
			hasScannedForEncodings = 0;
			knownRegions = (
				en,
				Base,
			);
			mainGroup = 36F53A212B55A733004C4B64;
			productRefGroup = 36F53A2B2B55A733004C4B64 /* Products */;
			projectDirPath = "";
			projectRoot = "";
			targets = (
				36F53A292B55A733004C4B64 /* PracticaRocío */,
				36F53A392B55A734004C4B64 /* PracticaRocíoTests */,
				36F53A432B55A734004C4B64 /* PracticaRocíoUITests */,
			);
		};
/* End PBXProject section */

/* Begin PBXResourcesBuildPhase section */
		36F53A282B55A733004C4B64 /* Resources */ = {
			isa = PBXResourcesBuildPhase;
			buildActionMask = 2147483647;
			files = (
				36F53A6E2B55A886004C4B64 /* HeroeDetailViewController.xib in Resources */,
				36F53A352B55A734004C4B64 /* Preview Assets.xcassets in Resources */,
				36F53A772B55A8D8004C4B64 /* TransfirmacioDetailViewController.xib in Resources */,
				36F53A322B55A734004C4B64 /* Assets.xcassets in Resources */,
				36F53A6A2B55A867004C4B64 /* HeroesListViewController.xib in Resources */,
				36F53A732B55A8AC004C4B64 /* TransformacionListViewController.xib in Resources */,
				36F53A7F2B55C3B0004C4B64 /* HeroesViewController.xib in Resources */,
				36F53A832B55C3D8004C4B64 /* TransformacionViewController.xib in Resources */,
				36F53A662B55A83D004C4B64 /* LoginViewController.xib in Resources */,
			);
			runOnlyForDeploymentPostprocessing = 0;
		};
		36F53A382B55A734004C4B64 /* Resources */ = {
			isa = PBXResourcesBuildPhase;
			buildActionMask = 2147483647;
			files = (
			);
			runOnlyForDeploymentPostprocessing = 0;
		};
		36F53A422B55A734004C4B64 /* Resources */ = {
			isa = PBXResourcesBuildPhase;
			buildActionMask = 2147483647;
			files = (
			);
			runOnlyForDeploymentPostprocessing = 0;
		};
/* End PBXResourcesBuildPhase section */

/* Begin PBXSourcesBuildPhase section */
		36F53A262B55A733004C4B64 /* Sources */ = {
			isa = PBXSourcesBuildPhase;
			buildActionMask = 2147483647;
			files = (
				36F53A792B55C250004C4B64 /* AppDelegate.swift in Sources */,
				36F53A6D2B55A886004C4B64 /* HeroeDetailViewController.swift in Sources */,
				36F53A652B55A83D004C4B64 /* LoginViewController.swift in Sources */,
				36F53A5B2B55A7E8004C4B64 /* User.swift in Sources */,
				36F53A692B55A867004C4B64 /* HeroesListViewController.swift in Sources */,
				36F53A852B55C496004C4B64 /* HeroesService.swift in Sources */,
				36F53A302B55A733004C4B64 /* ContentView.swift in Sources */,
				36F53A5F2B55A806004C4B64 /* NetWork.swift in Sources */,
				36F53A762B55A8D8004C4B64 /* TransfirmacioDetailViewController.swift in Sources */,
				36F53A7B2B55C287004C4B64 /* SceneDelegate.swift in Sources */,
				36F53A722B55A8AC004C4B64 /* TransformacionListViewController.swift in Sources */,
				36F53A7E2B55C3B0004C4B64 /* HeroesViewController.swift in Sources */,
				36F53A2E2B55A733004C4B64 /* PracticaRoci_oApp.swift in Sources */,
				36F53A822B55C3D8004C4B64 /* TransformacionViewController.swift in Sources */,
				36F53A592B55A7DD004C4B64 /* Hero.swift in Sources */,
				36F53A5D2B55A7F4004C4B64 /* Transformacion.swift in Sources */,
			);
			runOnlyForDeploymentPostprocessing = 0;
		};
		36F53A362B55A734004C4B64 /* Sources */ = {
			isa = PBXSourcesBuildPhase;
			buildActionMask = 2147483647;
			files = (
				36F53A3F2B55A734004C4B64 /* PracticaRoci_oTests.swift in Sources */,
			);
			runOnlyForDeploymentPostprocessing = 0;
		};
		36F53A402B55A734004C4B64 /* Sources */ = {
			isa = PBXSourcesBuildPhase;
			buildActionMask = 2147483647;
			files = (
				36F53A4B2B55A734004C4B64 /* PracticaRoci_oUITestsLaunchTests.swift in Sources */,
				36F53A492B55A734004C4B64 /* PracticaRoci_oUITests.swift in Sources */,
			);
			runOnlyForDeploymentPostprocessing = 0;
		};
/* End PBXSourcesBuildPhase section */

/* Begin PBXTargetDependency section */
		36F53A3C2B55A734004C4B64 /* PBXTargetDependency */ = {
			isa = PBXTargetDependency;
			target = 36F53A292B55A733004C4B64 /* PracticaRocío */;
			targetProxy = 36F53A3B2B55A734004C4B64 /* PBXContainerItemProxy */;
		};
		36F53A462B55A734004C4B64 /* PBXTargetDependency */ = {
			isa = PBXTargetDependency;
			target = 36F53A292B55A733004C4B64 /* PracticaRocío */;
			targetProxy = 36F53A452B55A734004C4B64 /* PBXContainerItemProxy */;
		};
/* End PBXTargetDependency section */

/* Begin XCBuildConfiguration section */
		36F53A4C2B55A734004C4B64 /* Debug */ = {
			isa = XCBuildConfiguration;
			buildSettings = {
				ALWAYS_SEARCH_USER_PATHS = NO;
				ASSETCATALOG_COMPILER_GENERATE_SWIFT_ASSET_SYMBOL_EXTENSIONS = YES;
				CLANG_ANALYZER_NONNULL = YES;
				CLANG_ANALYZER_NUMBER_OBJECT_CONVERSION = YES_AGGRESSIVE;
				CLANG_CXX_LANGUAGE_STANDARD = "gnu++20";
				CLANG_ENABLE_MODULES = YES;
				CLANG_ENABLE_OBJC_ARC = YES;
				CLANG_ENABLE_OBJC_WEAK = YES;
				CLANG_WARN_BLOCK_CAPTURE_AUTORELEASING = YES;
				CLANG_WARN_BOOL_CONVERSION = YES;
				CLANG_WARN_COMMA = YES;
				CLANG_WARN_CONSTANT_CONVERSION = YES;
				CLANG_WARN_DEPRECATED_OBJC_IMPLEMENTATIONS = YES;
				CLANG_WARN_DIRECT_OBJC_ISA_USAGE = YES_ERROR;
				CLANG_WARN_DOCUMENTATION_COMMENTS = YES;
				CLANG_WARN_EMPTY_BODY = YES;
				CLANG_WARN_ENUM_CONVERSION = YES;
				CLANG_WARN_INFINITE_RECURSION = YES;
				CLANG_WARN_INT_CONVERSION = YES;
				CLANG_WARN_NON_LITERAL_NULL_CONVERSION = YES;
				CLANG_WARN_OBJC_IMPLICIT_RETAIN_SELF = YES;
				CLANG_WARN_OBJC_LITERAL_CONVERSION = YES;
				CLANG_WARN_OBJC_ROOT_CLASS = YES_ERROR;
				CLANG_WARN_QUOTED_INCLUDE_IN_FRAMEWORK_HEADER = YES;
				CLANG_WARN_RANGE_LOOP_ANALYSIS = YES;
				CLANG_WARN_STRICT_PROTOTYPES = YES;
				CLANG_WARN_SUSPICIOUS_MOVE = YES;
				CLANG_WARN_UNGUARDED_AVAILABILITY = YES_AGGRESSIVE;
				CLANG_WARN_UNREACHABLE_CODE = YES;
				CLANG_WARN__DUPLICATE_METHOD_MATCH = YES;
				COPY_PHASE_STRIP = NO;
				DEBUG_INFORMATION_FORMAT = dwarf;
				ENABLE_STRICT_OBJC_MSGSEND = YES;
				ENABLE_TESTABILITY = YES;
				ENABLE_USER_SCRIPT_SANDBOXING = YES;
				GCC_C_LANGUAGE_STANDARD = gnu17;
				GCC_DYNAMIC_NO_PIC = NO;
				GCC_NO_COMMON_BLOCKS = YES;
				GCC_OPTIMIZATION_LEVEL = 0;
				GCC_PREPROCESSOR_DEFINITIONS = (
					"DEBUG=1",
					"$(inherited)",
				);
				GCC_WARN_64_TO_32_BIT_CONVERSION = YES;
				GCC_WARN_ABOUT_RETURN_TYPE = YES_ERROR;
				GCC_WARN_UNDECLARED_SELECTOR = YES;
				GCC_WARN_UNINITIALIZED_AUTOS = YES_AGGRESSIVE;
				GCC_WARN_UNUSED_FUNCTION = YES;
				GCC_WARN_UNUSED_VARIABLE = YES;
				IPHONEOS_DEPLOYMENT_TARGET = 17.2;
				LOCALIZATION_PREFERS_STRING_CATALOGS = YES;
				MTL_ENABLE_DEBUG_INFO = INCLUDE_SOURCE;
				MTL_FAST_MATH = YES;
				ONLY_ACTIVE_ARCH = YES;
				SDKROOT = iphoneos;
				SWIFT_ACTIVE_COMPILATION_CONDITIONS = "DEBUG $(inherited)";
				SWIFT_OPTIMIZATION_LEVEL = "-Onone";
			};
			name = Debug;
		};
		36F53A4D2B55A734004C4B64 /* Release */ = {
			isa = XCBuildConfiguration;
			buildSettings = {
				ALWAYS_SEARCH_USER_PATHS = NO;
				ASSETCATALOG_COMPILER_GENERATE_SWIFT_ASSET_SYMBOL_EXTENSIONS = YES;
				CLANG_ANALYZER_NONNULL = YES;
				CLANG_ANALYZER_NUMBER_OBJECT_CONVERSION = YES_AGGRESSIVE;
				CLANG_CXX_LANGUAGE_STANDARD = "gnu++20";
				CLANG_ENABLE_MODULES = YES;
				CLANG_ENABLE_OBJC_ARC = YES;
				CLANG_ENABLE_OBJC_WEAK = YES;
				CLANG_WARN_BLOCK_CAPTURE_AUTORELEASING = YES;
				CLANG_WARN_BOOL_CONVERSION = YES;
				CLANG_WARN_COMMA = YES;
				CLANG_WARN_CONSTANT_CONVERSION = YES;
				CLANG_WARN_DEPRECATED_OBJC_IMPLEMENTATIONS = YES;
				CLANG_WARN_DIRECT_OBJC_ISA_USAGE = YES_ERROR;
				CLANG_WARN_DOCUMENTATION_COMMENTS = YES;
				CLANG_WARN_EMPTY_BODY = YES;
				CLANG_WARN_ENUM_CONVERSION = YES;
				CLANG_WARN_INFINITE_RECURSION = YES;
				CLANG_WARN_INT_CONVERSION = YES;
				CLANG_WARN_NON_LITERAL_NULL_CONVERSION = YES;
				CLANG_WARN_OBJC_IMPLICIT_RETAIN_SELF = YES;
				CLANG_WARN_OBJC_LITERAL_CONVERSION = YES;
				CLANG_WARN_OBJC_ROOT_CLASS = YES_ERROR;
				CLANG_WARN_QUOTED_INCLUDE_IN_FRAMEWORK_HEADER = YES;
				CLANG_WARN_RANGE_LOOP_ANALYSIS = YES;
				CLANG_WARN_STRICT_PROTOTYPES = YES;
				CLANG_WARN_SUSPICIOUS_MOVE = YES;
				CLANG_WARN_UNGUARDED_AVAILABILITY = YES_AGGRESSIVE;
				CLANG_WARN_UNREACHABLE_CODE = YES;
				CLANG_WARN__DUPLICATE_METHOD_MATCH = YES;
				COPY_PHASE_STRIP = NO;
				DEBUG_INFORMATION_FORMAT = "dwarf-with-dsym";
				ENABLE_NS_ASSERTIONS = NO;
				ENABLE_STRICT_OBJC_MSGSEND = YES;
				ENABLE_USER_SCRIPT_SANDBOXING = YES;
				GCC_C_LANGUAGE_STANDARD = gnu17;
				GCC_NO_COMMON_BLOCKS = YES;
				GCC_WARN_64_TO_32_BIT_CONVERSION = YES;
				GCC_WARN_ABOUT_RETURN_TYPE = YES_ERROR;
				GCC_WARN_UNDECLARED_SELECTOR = YES;
				GCC_WARN_UNINITIALIZED_AUTOS = YES_AGGRESSIVE;
				GCC_WARN_UNUSED_FUNCTION = YES;
				GCC_WARN_UNUSED_VARIABLE = YES;
				IPHONEOS_DEPLOYMENT_TARGET = 17.2;
				LOCALIZATION_PREFERS_STRING_CATALOGS = YES;
				MTL_ENABLE_DEBUG_INFO = NO;
				MTL_FAST_MATH = YES;
				SDKROOT = iphoneos;
				SWIFT_COMPILATION_MODE = wholemodule;
				VALIDATE_PRODUCT = YES;
			};
			name = Release;
		};
		36F53A4F2B55A734004C4B64 /* Debug */ = {
			isa = XCBuildConfiguration;
			buildSettings = {
				ASSETCATALOG_COMPILER_APPICON_NAME = AppIcon;
				ASSETCATALOG_COMPILER_GLOBAL_ACCENT_COLOR_NAME = AccentColor;
				CODE_SIGN_STYLE = Automatic;
				CURRENT_PROJECT_VERSION = 1;
				DEVELOPMENT_ASSET_PATHS = "\"PracticaRocío/Preview Content\"";
				DEVELOPMENT_TEAM = HS49USZ4GG;
				ENABLE_PREVIEWS = YES;
				GENERATE_INFOPLIST_FILE = YES;
				INFOPLIST_KEY_UIApplicationSceneManifest_Generation = YES;
				INFOPLIST_KEY_UIApplicationSupportsIndirectInputEvents = YES;
				INFOPLIST_KEY_UILaunchScreen_Generation = YES;
				INFOPLIST_KEY_UISupportedInterfaceOrientations_iPad = "UIInterfaceOrientationPortrait UIInterfaceOrientationPortraitUpsideDown UIInterfaceOrientationLandscapeLeft UIInterfaceOrientationLandscapeRight";
				INFOPLIST_KEY_UISupportedInterfaceOrientations_iPhone = "UIInterfaceOrientationPortrait UIInterfaceOrientationLandscapeLeft UIInterfaceOrientationLandscapeRight";
				LD_RUNPATH_SEARCH_PATHS = (
					"$(inherited)",
					"@executable_path/Frameworks",
				);
				MARKETING_VERSION = 1.0;
				PRODUCT_BUNDLE_IDENTIFIER = "io.keepcoding.PracticaRoci-o";
				PRODUCT_NAME = "$(TARGET_NAME)";
				SWIFT_EMIT_LOC_STRINGS = YES;
				SWIFT_VERSION = 5.0;
				TARGETED_DEVICE_FAMILY = "1,2";
			};
			name = Debug;
		};
		36F53A502B55A734004C4B64 /* Release */ = {
			isa = XCBuildConfiguration;
			buildSettings = {
				ASSETCATALOG_COMPILER_APPICON_NAME = AppIcon;
				ASSETCATALOG_COMPILER_GLOBAL_ACCENT_COLOR_NAME = AccentColor;
				CODE_SIGN_STYLE = Automatic;
				CURRENT_PROJECT_VERSION = 1;
				DEVELOPMENT_ASSET_PATHS = "\"PracticaRocío/Preview Content\"";
				DEVELOPMENT_TEAM = HS49USZ4GG;
				ENABLE_PREVIEWS = YES;
				GENERATE_INFOPLIST_FILE = YES;
				INFOPLIST_KEY_UIApplicationSceneManifest_Generation = YES;
				INFOPLIST_KEY_UIApplicationSupportsIndirectInputEvents = YES;
				INFOPLIST_KEY_UILaunchScreen_Generation = YES;
				INFOPLIST_KEY_UISupportedInterfaceOrientations_iPad = "UIInterfaceOrientationPortrait UIInterfaceOrientationPortraitUpsideDown UIInterfaceOrientationLandscapeLeft UIInterfaceOrientationLandscapeRight";
				INFOPLIST_KEY_UISupportedInterfaceOrientations_iPhone = "UIInterfaceOrientationPortrait UIInterfaceOrientationLandscapeLeft UIInterfaceOrientationLandscapeRight";
				LD_RUNPATH_SEARCH_PATHS = (
					"$(inherited)",
					"@executable_path/Frameworks",
				);
				MARKETING_VERSION = 1.0;
				PRODUCT_BUNDLE_IDENTIFIER = "io.keepcoding.PracticaRoci-o";
				PRODUCT_NAME = "$(TARGET_NAME)";
				SWIFT_EMIT_LOC_STRINGS = YES;
				SWIFT_VERSION = 5.0;
				TARGETED_DEVICE_FAMILY = "1,2";
			};
			name = Release;
		};
		36F53A522B55A734004C4B64 /* Debug */ = {
			isa = XCBuildConfiguration;
			buildSettings = {
				ALWAYS_EMBED_SWIFT_STANDARD_LIBRARIES = YES;
				BUNDLE_LOADER = "$(TEST_HOST)";
				CODE_SIGN_STYLE = Automatic;
				CURRENT_PROJECT_VERSION = 1;
				DEVELOPMENT_TEAM = HS49USZ4GG;
				GENERATE_INFOPLIST_FILE = YES;
				IPHONEOS_DEPLOYMENT_TARGET = 17.2;
				MARKETING_VERSION = 1.0;
				PRODUCT_BUNDLE_IDENTIFIER = "io.keepcoding.PracticaRoci-oTests";
				PRODUCT_NAME = "$(TARGET_NAME)";
				SWIFT_EMIT_LOC_STRINGS = NO;
				SWIFT_VERSION = 5.0;
				TARGETED_DEVICE_FAMILY = "1,2";
				TEST_HOST = "$(BUILT_PRODUCTS_DIR)/PracticaRocío.app/$(BUNDLE_EXECUTABLE_FOLDER_PATH)/PracticaRocío";
			};
			name = Debug;
		};
		36F53A532B55A734004C4B64 /* Release */ = {
			isa = XCBuildConfiguration;
			buildSettings = {
				ALWAYS_EMBED_SWIFT_STANDARD_LIBRARIES = YES;
				BUNDLE_LOADER = "$(TEST_HOST)";
				CODE_SIGN_STYLE = Automatic;
				CURRENT_PROJECT_VERSION = 1;
				DEVELOPMENT_TEAM = HS49USZ4GG;
				GENERATE_INFOPLIST_FILE = YES;
				IPHONEOS_DEPLOYMENT_TARGET = 17.2;
				MARKETING_VERSION = 1.0;
				PRODUCT_BUNDLE_IDENTIFIER = "io.keepcoding.PracticaRoci-oTests";
				PRODUCT_NAME = "$(TARGET_NAME)";
				SWIFT_EMIT_LOC_STRINGS = NO;
				SWIFT_VERSION = 5.0;
				TARGETED_DEVICE_FAMILY = "1,2";
				TEST_HOST = "$(BUILT_PRODUCTS_DIR)/PracticaRocío.app/$(BUNDLE_EXECUTABLE_FOLDER_PATH)/PracticaRocío";
			};
			name = Release;
		};
		36F53A552B55A734004C4B64 /* Debug */ = {
			isa = XCBuildConfiguration;
			buildSettings = {
				ALWAYS_EMBED_SWIFT_STANDARD_LIBRARIES = YES;
				CODE_SIGN_STYLE = Automatic;
				CURRENT_PROJECT_VERSION = 1;
				DEVELOPMENT_TEAM = HS49USZ4GG;
				GENERATE_INFOPLIST_FILE = YES;
				MARKETING_VERSION = 1.0;
				PRODUCT_BUNDLE_IDENTIFIER = "io.keepcoding.PracticaRoci-oUITests";
				PRODUCT_NAME = "$(TARGET_NAME)";
				SWIFT_EMIT_LOC_STRINGS = NO;
				SWIFT_VERSION = 5.0;
				TARGETED_DEVICE_FAMILY = "1,2";
				TEST_TARGET_NAME = "PracticaRocío";
			};
			name = Debug;
		};
		36F53A562B55A734004C4B64 /* Release */ = {
			isa = XCBuildConfiguration;
			buildSettings = {
				ALWAYS_EMBED_SWIFT_STANDARD_LIBRARIES = YES;
				CODE_SIGN_STYLE = Automatic;
				CURRENT_PROJECT_VERSION = 1;
				DEVELOPMENT_TEAM = HS49USZ4GG;
				GENERATE_INFOPLIST_FILE = YES;
				MARKETING_VERSION = 1.0;
				PRODUCT_BUNDLE_IDENTIFIER = "io.keepcoding.PracticaRoci-oUITests";
				PRODUCT_NAME = "$(TARGET_NAME)";
				SWIFT_EMIT_LOC_STRINGS = NO;
				SWIFT_VERSION = 5.0;
				TARGETED_DEVICE_FAMILY = "1,2";
				TEST_TARGET_NAME = "PracticaRocío";
			};
			name = Release;
		};
/* End XCBuildConfiguration section */

/* Begin XCConfigurationList section */
		36F53A252B55A733004C4B64 /* Build configuration list for PBXProject "PracticaRocío" */ = {
			isa = XCConfigurationList;
			buildConfigurations = (
				36F53A4C2B55A734004C4B64 /* Debug */,
				36F53A4D2B55A734004C4B64 /* Release */,
			);
			defaultConfigurationIsVisible = 0;
			defaultConfigurationName = Release;
		};
		36F53A4E2B55A734004C4B64 /* Build configuration list for PBXNativeTarget "PracticaRocío" */ = {
			isa = XCConfigurationList;
			buildConfigurations = (
				36F53A4F2B55A734004C4B64 /* Debug */,
				36F53A502B55A734004C4B64 /* Release */,
			);
			defaultConfigurationIsVisible = 0;
			defaultConfigurationName = Release;
		};
		36F53A512B55A734004C4B64 /* Build configuration list for PBXNativeTarget "PracticaRocíoTests" */ = {
			isa = XCConfigurationList;
			buildConfigurations = (
				36F53A522B55A734004C4B64 /* Debug */,
				36F53A532B55A734004C4B64 /* Release */,
			);
			defaultConfigurationIsVisible = 0;
			defaultConfigurationName = Release;
		};
		36F53A542B55A734004C4B64 /* Build configuration list for PBXNativeTarget "PracticaRocíoUITests" */ = {
			isa = XCConfigurationList;
			buildConfigurations = (
				36F53A552B55A734004C4B64 /* Debug */,
				36F53A562B55A734004C4B64 /* Release */,
			);
			defaultConfigurationIsVisible = 0;
			defaultConfigurationName = Release;
		};
/* End XCConfigurationList section */
	};
	rootObject = 36F53A222B55A733004C4B64 /* Project object */;
}
